
Microsoft Visual Studio Solution File, Format Version 12.00
# Visual Studio 15
Project("{FAE04EC0-301F-11D3-BF4B-00C04F79EFBC}") = "UnityEngine.TestRunner", "UnityEngine.TestRunner.csproj", "{D29A2316-7A2A-FC6D-D2DD-F87992BC220D}"
EndProject
Project("{FAE04EC0-301F-11D3-BF4B-00C04F79EFBC}") = "Unity.InputSystem", "Unity.InputSystem.csproj", "{35439C82-888E-9C83-0BBA-4E0412EC9E9D}"
EndProject
Project("{FAE04EC0-301F-11D3-BF4B-00C04F79EFBC}") = "Unity.Timeline", "Unity.Timeline.csproj", "{688AD5F0-089B-3E72-DAC6-B4BD8CBD1319}"
EndProject
Project("{FAE04EC0-301F-11D3-BF4B-00C04F79EFBC}") = "Unity.ProBuilder", "Unity.ProBuilder.csproj", "{EB8DC58C-2F47-1887-0BFC-E72E8C5A7033}"
EndProject
Project("{FAE04EC0-301F-11D3-BF4B-00C04F79EFBC}") = "Unity.TextMeshPro", "Unity.TextMeshPro.csproj", "{C401E68A-22AC-67D5-DB19-27108AC2EA73}"
EndProject
Project("{FAE04EC0-301F-11D3-BF4B-00C04F79EFBC}") = "Unity.ProBuilder.Poly2Tri", "Unity.ProBuilder.Poly2Tri.csproj", "{F1E61E6C-F63A-3512-D2A6-7A3C7EC4F95C}"
EndProject
Project("{FAE04EC0-301F-11D3-BF4B-00C04F79EFBC}") = "Unity.ProBuilder.Csg", "Unity.ProBuilder.Csg.csproj", "{A23E1746-5F16-414F-FE15-BA32A9914036}"
EndProject
Project("{FAE04EC0-301F-11D3-BF4B-00C04F79EFBC}") = "Assembly-CSharp", "Assembly-CSharp.csproj", "{546CB20C-E0BC-6CF3-F266-9F5E99BDCF39}"
EndProject
Project("{FAE04EC0-301F-11D3-BF4B-00C04F79EFBC}") = "Unity.ProBuilder.KdTree", "Unity.ProBuilder.KdTree.csproj", "{A1D38A5A-87B1-1C4E-09EE-6CD0B4D4DD39}"
EndProject
Project("{FAE04EC0-301F-11D3-BF4B-00C04F79EFBC}") = "Unity.ProBuilder.Stl", "Unity.ProBuilder.Stl.csproj", "{8ECB6679-9FED-F38F-8749-7209D6EF8EAD}"
EndProject
Project("{FAE04EC0-301F-11D3-BF4B-00C04F79EFBC}") = "UnityEditor.TestRunner", "UnityEditor.TestRunner.csproj", "{02365362-EA1C-E841-5FE3-F02ED950F8E3}"
EndProject
Project("{FAE04EC0-301F-11D3-BF4B-00C04F79EFBC}") = "Unity.ProBuilder.Editor", "Unity.ProBuilder.Editor.csproj", "{BA9BB1A4-4020-676B-E633-FC7FD6F25408}"
EndProject
Project("{FAE04EC0-301F-11D3-BF4B-00C04F79EFBC}") = "Unity.PlasticSCM.Editor", "Unity.PlasticSCM.Editor.csproj", "{88E9CA46-B378-83ED-D3FE-7F4095500343}"
EndProject
Project("{FAE04EC0-301F-11D3-BF4B-00C04F79EFBC}") = "Unity.Services.Core.Editor", "Unity.Services.Core.Editor.csproj", "{F64B2A20-30F2-A149-DEC3-9019927C26CB}"
EndProject
Project("{FAE04EC0-301F-11D3-BF4B-00C04F79EFBC}") = "Unity.Timeline.Editor", "Unity.Timeline.Editor.csproj", "{CBCA4386-4B1C-03F8-49DB-D17767303833}"
EndProject
Project("{FAE04EC0-301F-11D3-BF4B-00C04F79EFBC}") = "Unity.VisualStudio.Editor", "Unity.VisualStudio.Editor.csproj", "{EB2C8CB1-3959-A290-97AF-CEA0B015EE11}"
EndProject
Project("{FAE04EC0-301F-11D3-BF4B-00C04F79EFBC}") = "Unity.TextMeshPro.Editor", "Unity.TextMeshPro.Editor.csproj", "{BBFD48FA-AFCA-A28B-7B91-E6009E907C1C}"
EndProject
Project("{FAE04EC0-301F-11D3-BF4B-00C04F79EFBC}") = "Unity.CollabProxy.Editor", "Unity.CollabProxy.Editor.csproj", "{B1FADBD0-1D74-5C03-F2DD-147E9211D074}"
EndProject
Project("{FAE04EC0-301F-11D3-BF4B-00C04F79EFBC}") = "Unity.Rider.Editor", "Unity.Rider.Editor.csproj", "{97D0644B-FEBB-7392-ED2F-BB066005BE98}"
EndProject
Project("{FAE04EC0-301F-11D3-BF4B-00C04F79EFBC}") = "Unity.VSCode.Editor", "Unity.VSCode.Editor.csproj", "{F8C11607-4321-D222-E5F8-238A61FF20B4}"
EndProject
Project("{FAE04EC0-301F-11D3-BF4B-00C04F79EFBC}") = "Unity.ProBuilder.AssetIdRemapUtility", "Unity.ProBuilder.AssetIdRemapUtility.csproj", "{C1D70556-0731-107D-6000-7C3C4511B61C}"
EndProject
Project("{FAE04EC0-301F-11D3-BF4B-00C04F79EFBC}") = "Unity.Settings.Editor", "Unity.Settings.Editor.csproj", "{87E73D38-BAB8-E2F7-67F1-5B57A9F9BC71}"
EndProject
Project("{FAE04EC0-301F-11D3-BF4B-00C04F79EFBC}") = "Unity.ProBuilder.AddOns.Editor", "Unity.ProBuilder.AddOns.Editor.csproj", "{53D90F97-37C0-C7FA-4828-9A2EC75A8BB3}"
EndProject
Global
	GlobalSection(SolutionConfigurationPlatforms) = preSolution
		Debug|Any CPU = Debug|Any CPU
		Release|Any CPU = Release|Any CPU
	EndGlobalSection
	GlobalSection(ProjectConfigurationPlatforms) = postSolution
		{D29A2316-7A2A-FC6D-D2DD-F87992BC220D}.Debug|Any CPU.ActiveCfg = Debug|Any CPU
		{D29A2316-7A2A-FC6D-D2DD-F87992BC220D}.Debug|Any CPU.Build.0 = Debug|Any CPU
		{D29A2316-7A2A-FC6D-D2DD-F87992BC220D}.Release|Any CPU.ActiveCfg = Release|Any CPU
		{D29A2316-7A2A-FC6D-D2DD-F87992BC220D}.Release|Any CPU.Build.0 = Release|Any CPU
		{35439C82-888E-9C83-0BBA-4E0412EC9E9D}.Debug|Any CPU.ActiveCfg = Debug|Any CPU
		{35439C82-888E-9C83-0BBA-4E0412EC9E9D}.Debug|Any CPU.Build.0 = Debug|Any CPU
		{35439C82-888E-9C83-0BBA-4E0412EC9E9D}.Release|Any CPU.ActiveCfg = Release|Any CPU
		{35439C82-888E-9C83-0BBA-4E0412EC9E9D}.Release|Any CPU.Build.0 = Release|Any CPU
		{688AD5F0-089B-3E72-DAC6-B4BD8CBD1319}.Debug|Any CPU.ActiveCfg = Debug|Any CPU
		{688AD5F0-089B-3E72-DAC6-B4BD8CBD1319}.Debug|Any CPU.Build.0 = Debug|Any CPU
		{688AD5F0-089B-3E72-DAC6-B4BD8CBD1319}.Release|Any CPU.ActiveCfg = Release|Any CPU
		{688AD5F0-089B-3E72-DAC6-B4BD8CBD1319}.Release|Any CPU.Build.0 = Release|Any CPU
		{EB8DC58C-2F47-1887-0BFC-E72E8C5A7033}.Debug|Any CPU.ActiveCfg = Debug|Any CPU
		{EB8DC58C-2F47-1887-0BFC-E72E8C5A7033}.Debug|Any CPU.Build.0 = Debug|Any CPU
		{EB8DC58C-2F47-1887-0BFC-E72E8C5A7033}.Release|Any CPU.ActiveCfg = Release|Any CPU
		{EB8DC58C-2F47-1887-0BFC-E72E8C5A7033}.Release|Any CPU.Build.0 = Release|Any CPU
		{C401E68A-22AC-67D5-DB19-27108AC2EA73}.Debug|Any CPU.ActiveCfg = Debug|Any CPU
		{C401E68A-22AC-67D5-DB19-27108AC2EA73}.Debug|Any CPU.Build.0 = Debug|Any CPU
		{C401E68A-22AC-67D5-DB19-27108AC2EA73}.Release|Any CPU.ActiveCfg = Release|Any CPU
		{C401E68A-22AC-67D5-DB19-27108AC2EA73}.Release|Any CPU.Build.0 = Release|Any CPU
		{F1E61E6C-F63A-3512-D2A6-7A3C7EC4F95C}.Debug|Any CPU.ActiveCfg = Debug|Any CPU
		{F1E61E6C-F63A-3512-D2A6-7A3C7EC4F95C}.Debug|Any CPU.Build.0 = Debug|Any CPU
		{F1E61E6C-F63A-3512-D2A6-7A3C7EC4F95C}.Release|Any CPU.ActiveCfg = Release|Any CPU
		{F1E61E6C-F63A-3512-D2A6-7A3C7EC4F95C}.Release|Any CPU.Build.0 = Release|Any CPU
		{A23E1746-5F16-414F-FE15-BA32A9914036}.Debug|Any CPU.ActiveCfg = Debug|Any CPU
		{A23E1746-5F16-414F-FE15-BA32A9914036}.Debug|Any CPU.Build.0 = Debug|Any CPU
		{A23E1746-5F16-414F-FE15-BA32A9914036}.Release|Any CPU.ActiveCfg = Release|Any CPU
		{A23E1746-5F16-414F-FE15-BA32A9914036}.Release|Any CPU.Build.0 = Release|Any CPU
		{546CB20C-E0BC-6CF3-F266-9F5E99BDCF39}.Debug|Any CPU.ActiveCfg = Debug|Any CPU
		{546CB20C-E0BC-6CF3-F266-9F5E99BDCF39}.Debug|Any CPU.Build.0 = Debug|Any CPU
		{546CB20C-E0BC-6CF3-F266-9F5E99BDCF39}.Release|Any CPU.ActiveCfg = Release|Any CPU
		{546CB20C-E0BC-6CF3-F266-9F5E99BDCF39}.Release|Any CPU.Build.0 = Release|Any CPU
		{A1D38A5A-87B1-1C4E-09EE-6CD0B4D4DD39}.Debug|Any CPU.ActiveCfg = Debug|Any CPU
		{A1D38A5A-87B1-1C4E-09EE-6CD0B4D4DD39}.Debug|Any CPU.Build.0 = Debug|Any CPU
		{A1D38A5A-87B1-1C4E-09EE-6CD0B4D4DD39}.Release|Any CPU.ActiveCfg = Release|Any CPU
		{A1D38A5A-87B1-1C4E-09EE-6CD0B4D4DD39}.Release|Any CPU.Build.0 = Release|Any CPU
		{8ECB6679-9FED-F38F-8749-7209D6EF8EAD}.Debug|Any CPU.ActiveCfg = Debug|Any CPU
		{8ECB6679-9FED-F38F-8749-7209D6EF8EAD}.Debug|Any CPU.Build.0 = Debug|Any CPU
		{8ECB6679-9FED-F38F-8749-7209D6EF8EAD}.Release|Any CPU.ActiveCfg = Release|Any CPU
		{8ECB6679-9FED-F38F-8749-7209D6EF8EAD}.Release|Any CPU.Build.0 = Release|Any CPU
		{02365362-EA1C-E841-5FE3-F02ED950F8E3}.Debug|Any CPU.ActiveCfg = Debug|Any CPU
		{02365362-EA1C-E841-5FE3-F02ED950F8E3}.Debug|Any CPU.Build.0 = Debug|Any CPU
		{02365362-EA1C-E841-5FE3-F02ED950F8E3}.Release|Any CPU.ActiveCfg = Release|Any CPU
		{02365362-EA1C-E841-5FE3-F02ED950F8E3}.Release|Any CPU.Build.0 = Release|Any CPU
		{BA9BB1A4-4020-676B-E633-FC7FD6F25408}.Debug|Any CPU.ActiveCfg = Debug|Any CPU
		{BA9BB1A4-4020-676B-E633-FC7FD6F25408}.Debug|Any CPU.Build.0 = Debug|Any CPU
		{BA9BB1A4-4020-676B-E633-FC7FD6F25408}.Release|Any CPU.ActiveCfg = Release|Any CPU
		{BA9BB1A4-4020-676B-E633-FC7FD6F25408}.Release|Any CPU.Build.0 = Release|Any CPU
		{88E9CA46-B378-83ED-D3FE-7F4095500343}.Debug|Any CPU.ActiveCfg = Debug|Any CPU
		{88E9CA46-B378-83ED-D3FE-7F4095500343}.Debug|Any CPU.Build.0 = Debug|Any CPU
		{88E9CA46-B378-83ED-D3FE-7F4095500343}.Release|Any CPU.ActiveCfg = Release|Any CPU
		{88E9CA46-B378-83ED-D3FE-7F4095500343}.Release|Any CPU.Build.0 = Release|Any CPU
		{F64B2A20-30F2-A149-DEC3-9019927C26CB}.Debug|Any CPU.ActiveCfg = Debug|Any CPU
		{F64B2A20-30F2-A149-DEC3-9019927C26CB}.Debug|Any CPU.Build.0 = Debug|Any CPU
		{F64B2A20-30F2-A149-DEC3-9019927C26CB}.Release|Any CPU.ActiveCfg = Release|Any CPU
		{F64B2A20-30F2-A149-DEC3-9019927C26CB}.Release|Any CPU.Build.0 = Release|Any CPU
		{CBCA4386-4B1C-03F8-49DB-D17767303833}.Debug|Any CPU.ActiveCfg = Debug|Any CPU
		{CBCA4386-4B1C-03F8-49DB-D17767303833}.Debug|Any CPU.Build.0 = Debug|Any CPU
		{CBCA4386-4B1C-03F8-49DB-D17767303833}.Release|Any CPU.ActiveCfg = Release|Any CPU
		{CBCA4386-4B1C-03F8-49DB-D17767303833}.Release|Any CPU.Build.0 = Release|Any CPU
		{EB2C8CB1-3959-A290-97AF-CEA0B015EE11}.Debug|Any CPU.ActiveCfg = Debug|Any CPU
		{EB2C8CB1-3959-A290-97AF-CEA0B015EE11}.Debug|Any CPU.Build.0 = Debug|Any CPU
		{EB2C8CB1-3959-A290-97AF-CEA0B015EE11}.Release|Any CPU.ActiveCfg = Release|Any CPU
		{EB2C8CB1-3959-A290-97AF-CEA0B015EE11}.Release|Any CPU.Build.0 = Release|Any CPU
		{BBFD48FA-AFCA-A28B-7B91-E6009E907C1C}.Debug|Any CPU.ActiveCfg = Debug|Any CPU
		{BBFD48FA-AFCA-A28B-7B91-E6009E907C1C}.Debug|Any CPU.Build.0 = Debug|Any CPU
		{BBFD48FA-AFCA-A28B-7B91-E6009E907C1C}.Release|Any CPU.ActiveCfg = Release|Any CPU
		{BBFD48FA-AFCA-A28B-7B91-E6009E907C1C}.Release|Any CPU.Build.0 = Release|Any CPU
		{B1FADBD0-1D74-5C03-F2DD-147E9211D074}.Debug|Any CPU.ActiveCfg = Debug|Any CPU
		{B1FADBD0-1D74-5C03-F2DD-147E9211D074}.Debug|Any CPU.Build.0 = Debug|Any CPU
		{B1FADBD0-1D74-5C03-F2DD-147E9211D074}.Release|Any CPU.ActiveCfg = Release|Any CPU
		{B1FADBD0-1D74-5C03-F2DD-147E9211D074}.Release|Any CPU.Build.0 = Release|Any CPU
		{97D0644B-FEBB-7392-ED2F-BB066005BE98}.Debug|Any CPU.ActiveCfg = Debug|Any CPU
		{97D0644B-FEBB-7392-ED2F-BB066005BE98}.Debug|Any CPU.Build.0 = Debug|Any CPU
		{97D0644B-FEBB-7392-ED2F-BB066005BE98}.Release|Any CPU.ActiveCfg = Release|Any CPU
		{97D0644B-FEBB-7392-ED2F-BB066005BE98}.Release|Any CPU.Build.0 = Release|Any CPU
		{F8C11607-4321-D222-E5F8-238A61FF20B4}.Debug|Any CPU.ActiveCfg = Debug|Any CPU
		{F8C11607-4321-D222-E5F8-238A61FF20B4}.Debug|Any CPU.Build.0 = Debug|Any CPU
		{F8C11607-4321-D222-E5F8-238A61FF20B4}.Release|Any CPU.ActiveCfg = Release|Any CPU
		{F8C11607-4321-D222-E5F8-238A61FF20B4}.Release|Any CPU.Build.0 = Release|Any CPU
		{C1D70556-0731-107D-6000-7C3C4511B61C}.Debug|Any CPU.ActiveCfg = Debug|Any CPU
		{C1D70556-0731-107D-6000-7C3C4511B61C}.Debug|Any CPU.Build.0 = Debug|Any CPU
		{C1D70556-0731-107D-6000-7C3C4511B61C}.Release|Any CPU.ActiveCfg = Release|Any CPU
		{C1D70556-0731-107D-6000-7C3C4511B61C}.Release|Any CPU.Build.0 = Release|Any CPU
		{87E73D38-BAB8-E2F7-67F1-5B57A9F9BC71}.Debug|Any CPU.ActiveCfg = Debug|Any CPU
		{87E73D38-BAB8-E2F7-67F1-5B57A9F9BC71}.Debug|Any CPU.Build.0 = Debug|Any CPU
		{87E73D38-BAB8-E2F7-67F1-5B57A9F9BC71}.Release|Any CPU.ActiveCfg = Release|Any CPU
		{87E73D38-BAB8-E2F7-67F1-5B57A9F9BC71}.Release|Any CPU.Build.0 = Release|Any CPU
		{53D90F97-37C0-C7FA-4828-9A2EC75A8BB3}.Debug|Any CPU.ActiveCfg = Debug|Any CPU
		{53D90F97-37C0-C7FA-4828-9A2EC75A8BB3}.Debug|Any CPU.Build.0 = Debug|Any CPU
		{53D90F97-37C0-C7FA-4828-9A2EC75A8BB3}.Release|Any CPU.ActiveCfg = Release|Any CPU
		{53D90F97-37C0-C7FA-4828-9A2EC75A8BB3}.Release|Any CPU.Build.0 = Release|Any CPU
	EndGlobalSection
	GlobalSection(SolutionProperties) = preSolution
		HideSolutionNode = FALSE
	EndGlobalSection
EndGlobal
